PODS:
  - MaterialComponents/AnimationTiming (108.1.0)
  - MaterialComponents/Availability (108.1.0)
  - MaterialComponents/Buttons (108.1.0):
    - MaterialComponents/Elevation
    - MaterialComponents/Ink
    - MaterialComponents/private/Math
    - MaterialComponents/Ripple
    - MaterialComponents/ShadowElevations
    - MaterialComponents/ShadowLayer
    - MaterialComponents/Shapes
    - MaterialComponents/Typography
    - MDFInternationalization
    - MDFTextAccessibility
  - MaterialComponents/Cards (108.1.0):
    - MaterialComponents/Elevation
    - MaterialComponents/Ink
    - MaterialComponents/private/Icons/ic_check_circle
    - MaterialComponents/private/Math
    - MaterialComponents/Ripple
    - MaterialComponents/ShadowLayer
    - MaterialComponents/Shapes
  - MaterialComponents/Elevation (108.1.0):
    - MaterialComponents/Availability
    - MaterialComponents/private/Color
    - MaterialComponents/private/Math
  - MaterialComponents/Ink (108.1.0):
    - MaterialComponents/Availability
    - MaterialComponents/private/Color
    - MaterialComponents/private/Math
  - MaterialComponents/Palettes (108.1.0)
  - MaterialComponents/private/Application (108.1.0)
  - MaterialComponents/private/Color (108.1.0):
    - MaterialComponents/Availability
  - MaterialComponents/private/Icons/Base (108.1.0)
  - MaterialComponents/private/Icons/ic_check_circle (108.1.0):
    - MaterialComponents/private/Icons/Base
  - MaterialComponents/private/Math (108.1.0)
  - MaterialComponents/Ripple (108.1.0):
    - MaterialComponents/AnimationTiming
    - MaterialComponents/Availability
    - MaterialComponents/private/Color
    - MaterialComponents/private/Math
  - MaterialComponents/ShadowElevations (108.1.0)
  - MaterialComponents/ShadowLayer (108.1.0):
    - MaterialComponents/ShadowElevations
  - MaterialComponents/Shapes (108.1.0):
    - MaterialComponents/private/Color
    - MaterialComponents/private/Math
    - MaterialComponents/ShadowLayer
  - MaterialComponents/Typography (108.1.0):
    - MaterialComponents/private/Application
    - MaterialComponents/private/Math
  - MDFInternationalization (2.0.0)
  - MDFTextAccessibility (2.0.0)

DEPENDENCIES:
  - MaterialComponents/Buttons
  - MaterialComponents/Cards
  - MaterialComponents/Palettes

SPEC REPOS:
  trunk:
    - MaterialComponents
    - MDFInternationalization
    - MDFTextAccessibility

SPEC CHECKSUMS:
  MaterialComponents: d1c85bdf01caed6b6e11e78731e71e2d55d331da
  MDFInternationalization: 010097556d6b09d2c4ea38e0820ea6d37be6a314
  MDFTextAccessibility: 85c09a1bd9c321f494348e632a25063bcda35a53

PODFILE CHECKSUM: 41203259aa557021ec038620f9bf16946cad0214

COCOAPODS: 1.8.4
